schema: '2.0'
stages:
  data_ingestion:
    cmd: python src/data_ingestion.py
    deps:
    - path: src/data_ingestion.py
      hash: md5
      md5: 1ec1a160434c21bb1dbaea15a563c020
      size: 2105
    outs:
    - path: data/raw.csv
      hash: md5
      md5: d0b06a8f7d5e62bfa3cabefb694c7168
      size: 55690
  data_preprocessing:
    cmd: python src/data_preprocessing.py
    deps:
    - path: data/raw.csv
      hash: md5
      md5: d0b06a8f7d5e62bfa3cabefb694c7168
      size: 55690
    - path: params.yaml
      hash: md5
      md5: 263196d8f20c39028dbbbc9f2e6b8a6a
      size: 169
    - path: src/data_preprocessing.py
      hash: md5
      md5: 3688b98c72ee4cf0f46b77246f94289e
      size: 5631
    outs:
    - path: data/processed/preprocessor.pkl
      hash: md5
      md5: 2607e9536172f1b681ab4063401ae314
      size: 3420
    - path: data/processed/test.csv
      hash: md5
      md5: e2ab0fe22ebe0be5d6226c609afad110
      size: 35221
    - path: data/processed/train.csv
      hash: md5
      md5: 647ca31395352b790911b6a88d8bdd22
      size: 81783
  feature_engineering:
    cmd: python src/feature_engineering.py
    deps:
    - path: data/processed/train.csv
      hash: md5
      md5: 647ca31395352b790911b6a88d8bdd22
      size: 81783
    - path: params.yaml
      hash: md5
      md5: 263196d8f20c39028dbbbc9f2e6b8a6a
      size: 169
    - path: src/feature_engineering.py
      hash: md5
      md5: e1533b7c6cb085eb88b2928176da3903
      size: 3550
    outs:
    - path: data/processed/correlation_heatmap.png
      hash: md5
      md5: 9dc01854ea45afd95f6657f9ceb3d028
      size: 78082
    - path: data/processed/feature_eng_results.yaml
      hash: md5
      md5: 39c66f945e5df467bd940151950339d4
      size: 180
    - path: data/processed/pca_model.pkl
      hash: md5
      md5: f33d87b90f90a4863b636f6fe09e39fb
      size: 1631
  model_training:
    cmd: python src/model_training.py
    deps:
    - path: data/processed/test.csv
      hash: md5
      md5: e2ab0fe22ebe0be5d6226c609afad110
      size: 35221
    - path: data/processed/train.csv
      hash: md5
      md5: 647ca31395352b790911b6a88d8bdd22
      size: 81783
    - path: params.yaml
      hash: md5
      md5: 263196d8f20c39028dbbbc9f2e6b8a6a
      size: 169
    - path: src/model_training.py
      hash: md5
      md5: 7d0b6fb184abb823a04195f7971fe1ae
      size: 4155
    outs:
    - path: models/elasticnet.pkl
      hash: md5
      md5: 36b700cf7bb844c46808269376977b51
      size: 1064
    - path: models/linear_regression.pkl
      hash: md5
      md5: 97e0c2b9e3318071c8902db84675e808
      size: 1049
    - path: models/random_forest.pkl
      hash: md5
      md5: a14da90cb66a02c91bb7faaff5c02767
      size: 75911489
    - path: reports/metrics.yaml
      hash: md5
      md5: 1270e6a174f89ff4093f8f9158996264
      size: 467
  model_evaluation:
    cmd: python src/model_evaluation.py
    deps:
    - path: data/processed/test.csv
      hash: md5
      md5: e2ab0fe22ebe0be5d6226c609afad110
      size: 35221
    - path: models/elasticnet.pkl
      hash: md5
      md5: 36b700cf7bb844c46808269376977b51
      size: 1064
    - path: models/linear_regression.pkl
      hash: md5
      md5: 97e0c2b9e3318071c8902db84675e808
      size: 1049
    - path: models/random_forest.pkl
      hash: md5
      md5: a14da90cb66a02c91bb7faaff5c02767
      size: 75911489
    - path: src/model_evaluation.py
      hash: md5
      md5: a61e8d42f7e9ba22377b39efd01a532f
      size: 2985
    outs:
    - path: reports/final_evaluation.yaml
      hash: md5
      md5: d6b53e52c1db1cdce2e38dc8f7233427
      size: 294
