schema: '2.0'
stages:
  data_ingestion:
    cmd: python src/data_ingestion.py
    deps:
    - path: src/data_ingestion.py
      hash: md5
      md5: 1ec1a160434c21bb1dbaea15a563c020
      size: 2105
    outs:
    - path: data/raw.csv
      hash: md5
      md5: d0b06a8f7d5e62bfa3cabefb694c7168
      size: 55690
  data_preprocessing:
    cmd: python src/data_preprocessing.py
    deps:
    - path: data/raw.csv
      hash: md5
      md5: d0b06a8f7d5e62bfa3cabefb694c7168
      size: 55690
    - path: params.yaml
      hash: md5
      md5: 45996b3499957251f188dae6b5c307b1
      size: 168
    - path: src/data_preprocessing.py
      hash: md5
      md5: 3688b98c72ee4cf0f46b77246f94289e
      size: 5631
    outs:
    - path: data/processed/preprocessor.pkl
      hash: md5
      md5: 2607e9536172f1b681ab4063401ae314
      size: 3420
    - path: data/processed/test.csv
      hash: md5
      md5: c4115c613f2b021ddc4d31aa6a6149e5
      size: 23531
    - path: data/processed/train.csv
      hash: md5
      md5: 3116487ecac9f5efe53942eed710960e
      size: 93473
  feature_engineering:
    cmd: python src/feature_engineering.py
    deps:
    - path: data/processed/train.csv
      hash: md5
      md5: 3116487ecac9f5efe53942eed710960e
      size: 93473
    - path: params.yaml
      hash: md5
      md5: 45996b3499957251f188dae6b5c307b1
      size: 168
    - path: src/feature_engineering.py
      hash: md5
      md5: 255eae68a65cd91e3ed5723a514a05de
      size: 4659
    outs:
    - path: data/processed/correlation_heatmap.png
      hash: md5
      md5: a9feae9139bc054e831dd49697585861
      size: 76256
    - path: data/processed/feature_eng_results.yaml
      hash: md5
      md5: 8110531aa279e13aa391308fa0b5cd11
      size: 360
    - path: data/processed/pca_model.pkl
      hash: md5
      md5: 3a6530e237a0e3fb7e381ce0dc21fb65
      size: 1807
  model_training:
    cmd: python src/model_training.py
    deps:
    - path: data/processed/test.csv
      hash: md5
      md5: c4115c613f2b021ddc4d31aa6a6149e5
      size: 23531
    - path: data/processed/train.csv
      hash: md5
      md5: 3116487ecac9f5efe53942eed710960e
      size: 93473
    - path: params.yaml
      hash: md5
      md5: 45996b3499957251f188dae6b5c307b1
      size: 168
    - path: src/model_training.py
      hash: md5
      md5: 87bfbd932be2502430a046fd72a5a807
      size: 3283
    outs:
    - path: models/random_forest.pkl
      hash: md5
      md5: a4495c011e72c59c1c4e8361ea8e88ac
      size: 13025585
    - path: reports/metrics.yaml
      hash: md5
      md5: bf94af4b12802b45b7c9075e6bb76184
      size: 157
  model_evaluation:
    cmd: python src/model_evaluation.py
    deps:
    - path: data/processed/test.csv
      hash: md5
      md5: c4115c613f2b021ddc4d31aa6a6149e5
      size: 23531
    - path: models/random_forest.pkl
      hash: md5
      md5: a4495c011e72c59c1c4e8361ea8e88ac
      size: 13025585
    - path: src/model_evaluation.py
      hash: md5
      md5: 7f1b5a8a85b72b6503ec7a09eadfb61d
      size: 3058
    outs:
    - path: reports/final_evaluation.yaml
      hash: md5
      md5: cfd271a4b23128c04ea086ad679e5381
      size: 99
